
Microsoft Visual Studio Solution File, Format Version 12.00
# Visual Studio Version 16
VisualStudioVersion = 16.0.30717.126
MinimumVisualStudioVersion = 10.0.40219.1
Project("{9A19103F-16F7-4668-BE54-9A1E7A4F7556}") = "ReportSide.API", "ReportSide.API\ReportSide.API.csproj", "{BDF34897-B0CB-40B6-932E-44E5F16E3A34}"
EndProject
Project("{9A19103F-16F7-4668-BE54-9A1E7A4F7556}") = "PhoneBookSide.API", "PhoneBookSide.API\PhoneBookSide.API.csproj", "{688DABED-8CEB-4EF1-AE5B-4B9769A50B27}"
EndProject
Project("{2150E333-8FDC-42A3-9474-1A3956D46DE8}") = "Solution Items", "Solution Items", "{4CD7AD8C-4BC4-4746-A66C-66C5AD6C2C12}"
	ProjectSection(SolutionItems) = preProject
		CommonKafkaMessage.cs = CommonKafkaMessage.cs
	EndProjectSection
EndProject
Project("{FAE04EC0-301F-11D3-BF4B-00C04F79EFBC}") = "ReportingPhoneBook.Test", "ReportingPhoneBook.Test\ReportingPhoneBook.Test.csproj", "{01F3B3C9-7F37-49ED-8DB1-A81A324F14CC}"
EndProject
Global
	GlobalSection(SolutionConfigurationPlatforms) = preSolution
		Debug|Any CPU = Debug|Any CPU
		Release|Any CPU = Release|Any CPU
	EndGlobalSection
	GlobalSection(ProjectConfigurationPlatforms) = postSolution
		{BDF34897-B0CB-40B6-932E-44E5F16E3A34}.Debug|Any CPU.ActiveCfg = Debug|Any CPU
		{BDF34897-B0CB-40B6-932E-44E5F16E3A34}.Debug|Any CPU.Build.0 = Debug|Any CPU
		{BDF34897-B0CB-40B6-932E-44E5F16E3A34}.Release|Any CPU.ActiveCfg = Release|Any CPU
		{BDF34897-B0CB-40B6-932E-44E5F16E3A34}.Release|Any CPU.Build.0 = Release|Any CPU
		{688DABED-8CEB-4EF1-AE5B-4B9769A50B27}.Debug|Any CPU.ActiveCfg = Debug|Any CPU
		{688DABED-8CEB-4EF1-AE5B-4B9769A50B27}.Debug|Any CPU.Build.0 = Debug|Any CPU
		{688DABED-8CEB-4EF1-AE5B-4B9769A50B27}.Release|Any CPU.ActiveCfg = Release|Any CPU
		{688DABED-8CEB-4EF1-AE5B-4B9769A50B27}.Release|Any CPU.Build.0 = Release|Any CPU
		{01F3B3C9-7F37-49ED-8DB1-A81A324F14CC}.Debug|Any CPU.ActiveCfg = Debug|Any CPU
		{01F3B3C9-7F37-49ED-8DB1-A81A324F14CC}.Debug|Any CPU.Build.0 = Debug|Any CPU
		{01F3B3C9-7F37-49ED-8DB1-A81A324F14CC}.Release|Any CPU.ActiveCfg = Release|Any CPU
		{01F3B3C9-7F37-49ED-8DB1-A81A324F14CC}.Release|Any CPU.Build.0 = Release|Any CPU
	EndGlobalSection
	GlobalSection(SolutionProperties) = preSolution
		HideSolutionNode = FALSE
	EndGlobalSection
	GlobalSection(ExtensibilityGlobals) = postSolution
		SolutionGuid = {D5E44A61-43B9-4AFD-8B6F-88A78A0854DC}
	EndGlobalSection
EndGlobal
